
Microsoft Visual Studio Solution File, Format Version 12.00
# Visual Studio Version 17
VisualStudioVersion = 17.6.33829.357
MinimumVisualStudioVersion = 10.0.40219.1
Project("{FAE04EC0-301F-11D3-BF4B-00C04F79EFBC}") = "FocusVolumeControl", "FocusVolumeControl\FocusVolumeControl.csproj", "{4635D874-69C0-4010-BE46-77EF92EB1553}"
EndProject
Project("{9A19103F-16F7-4668-BE54-9A1E7A4F7556}") = "SoundBrowser", "SoundBrowser\SoundBrowser.csproj", "{0E8AB334-82F1-4DBC-9BDA-B6F9714A1847}"
EndProject
Project("{FAE04EC0-301F-11D3-BF4B-00C04F79EFBC}") = "FocusVolumeControl.UnitTests", "FocusVolumeControl.UnitTests\FocusVolumeControl.UnitTests.csproj", "{322E16C9-C96E-45DF-912F-DB6366170645}"
EndProject
Global
	GlobalSection(SolutionConfigurationPlatforms) = preSolution
		Debug|Any CPU = Debug|Any CPU
		Release|Any CPU = Release|Any CPU
	EndGlobalSection
	GlobalSection(ProjectConfigurationPlatforms) = postSolution
		{4635D874-69C0-4010-BE46-77EF92EB1553}.Debug|Any CPU.ActiveCfg = Debug|Any CPU
		{4635D874-69C0-4010-BE46-77EF92EB1553}.Debug|Any CPU.Build.0 = Debug|Any CPU
		{4635D874-69C0-4010-BE46-77EF92EB1553}.Release|Any CPU.ActiveCfg = Release|Any CPU
		{4635D874-69C0-4010-BE46-77EF92EB1553}.Release|Any CPU.Build.0 = Release|Any CPU
		{0E8AB334-82F1-4DBC-9BDA-B6F9714A1847}.Debug|Any CPU.ActiveCfg = Debug|Any CPU
		{0E8AB334-82F1-4DBC-9BDA-B6F9714A1847}.Debug|Any CPU.Build.0 = Debug|Any CPU
		{0E8AB334-82F1-4DBC-9BDA-B6F9714A1847}.Release|Any CPU.ActiveCfg = Release|Any CPU
		{0E8AB334-82F1-4DBC-9BDA-B6F9714A1847}.Release|Any CPU.Build.0 = Release|Any CPU
		{322E16C9-C96E-45DF-912F-DB6366170645}.Debug|Any CPU.ActiveCfg = Debug|Any CPU
		{322E16C9-C96E-45DF-912F-DB6366170645}.Debug|Any CPU.Build.0 = Debug|Any CPU
		{322E16C9-C96E-45DF-912F-DB6366170645}.Release|Any CPU.ActiveCfg = Release|Any CPU
		{322E16C9-C96E-45DF-912F-DB6366170645}.Release|Any CPU.Build.0 = Release|Any CPU
	EndGlobalSection
	GlobalSection(SolutionProperties) = preSolution
		HideSolutionNode = FALSE
	EndGlobalSection
	GlobalSection(ExtensibilityGlobals) = postSolution
		SolutionGuid = {22FD348F-67D1-423B-B3E3-C8C0022DCD96}
	EndGlobalSection
EndGlobal
